{
  "requires": true,
  "lockfileVersion": 1,
  "dependencies": {
    "react-native-device-info": {
      "version": "0.15.3",
      "resolved": "https://registry.npmjs.org/react-native-device-info/-/react-native-device-info-0.15.3.tgz",
      "integrity": "sha512-MxNmGXPptMtrXw/vP3XhULswAyFxxHdpvbF70OOMpK9zyaXyMlso1ESdHuZFE+pNcfY/3ibPZqx3QlATK8rahw=="
    }
  }
}
